
Microsoft Visual Studio Solution File, Format Version 12.00
# Visual Studio 15
VisualStudioVersion = 15.0.27130.2003
MinimumVisualStudioVersion = 10.0.40219.1
Project("{FAE04EC0-301F-11D3-BF4B-00C04F79EFBC}") = "TeknikServis.Entity", "TeknikServis.Entity\TeknikServis.Entity.csproj", "{ED5B63E9-C565-4FDF-9C0A-1A9C68D2FC60}"
EndProject
Project("{FAE04EC0-301F-11D3-BF4B-00C04F79EFBC}") = "TeknikServis.DAL", "TeknikServis.DAL\TeknikServis.DAL.csproj", "{1A820CD7-EC62-479E-BF61-9C61F12455F5}"
EndProject
Project("{FAE04EC0-301F-11D3-BF4B-00C04F79EFBC}") = "TeknikServis.BLL", "TeknikServis.BLL\TeknikServis.BLL.csproj", "{3815268B-4450-4089-B2A8-49845162B85D}"
EndProject
Project("{FAE04EC0-301F-11D3-BF4B-00C04F79EFBC}") = "TeknikServis.WebMVC.UI", "TeknikServis.WebMVC.UI\TeknikServis.WebMVC.UI.csproj", "{3E1CD719-1A4C-4BD5-B0DB-AB1156D24483}"
EndProject
Global
	GlobalSection(SolutionConfigurationPlatforms) = preSolution
		Debug|Any CPU = Debug|Any CPU
		Release|Any CPU = Release|Any CPU
	EndGlobalSection
	GlobalSection(ProjectConfigurationPlatforms) = postSolution
		{ED5B63E9-C565-4FDF-9C0A-1A9C68D2FC60}.Debug|Any CPU.ActiveCfg = Debug|Any CPU
		{ED5B63E9-C565-4FDF-9C0A-1A9C68D2FC60}.Debug|Any CPU.Build.0 = Debug|Any CPU
		{ED5B63E9-C565-4FDF-9C0A-1A9C68D2FC60}.Release|Any CPU.ActiveCfg = Release|Any CPU
		{ED5B63E9-C565-4FDF-9C0A-1A9C68D2FC60}.Release|Any CPU.Build.0 = Release|Any CPU
		{1A820CD7-EC62-479E-BF61-9C61F12455F5}.Debug|Any CPU.ActiveCfg = Debug|Any CPU
		{1A820CD7-EC62-479E-BF61-9C61F12455F5}.Debug|Any CPU.Build.0 = Debug|Any CPU
		{1A820CD7-EC62-479E-BF61-9C61F12455F5}.Release|Any CPU.ActiveCfg = Release|Any CPU
		{1A820CD7-EC62-479E-BF61-9C61F12455F5}.Release|Any CPU.Build.0 = Release|Any CPU
		{3815268B-4450-4089-B2A8-49845162B85D}.Debug|Any CPU.ActiveCfg = Debug|Any CPU
		{3815268B-4450-4089-B2A8-49845162B85D}.Debug|Any CPU.Build.0 = Debug|Any CPU
		{3815268B-4450-4089-B2A8-49845162B85D}.Release|Any CPU.ActiveCfg = Release|Any CPU
		{3815268B-4450-4089-B2A8-49845162B85D}.Release|Any CPU.Build.0 = Release|Any CPU
		{3E1CD719-1A4C-4BD5-B0DB-AB1156D24483}.Debug|Any CPU.ActiveCfg = Debug|Any CPU
		{3E1CD719-1A4C-4BD5-B0DB-AB1156D24483}.Debug|Any CPU.Build.0 = Debug|Any CPU
		{3E1CD719-1A4C-4BD5-B0DB-AB1156D24483}.Release|Any CPU.ActiveCfg = Release|Any CPU
		{3E1CD719-1A4C-4BD5-B0DB-AB1156D24483}.Release|Any CPU.Build.0 = Release|Any CPU
	EndGlobalSection
	GlobalSection(SolutionProperties) = preSolution
		HideSolutionNode = FALSE
	EndGlobalSection
	GlobalSection(ExtensibilityGlobals) = postSolution
		SolutionGuid = {59420477-9625-4228-8C3B-8CDF84ABD544}
	EndGlobalSection
EndGlobal
